
Microsoft Visual Studio Solution File, Format Version 12.00
# Visual Studio Version 16
VisualStudioVersion = 16.0.31105.61
MinimumVisualStudioVersion = 10.0.40219.1
Project("{FAE04EC0-301F-11D3-BF4B-00C04F79EFBC}") = "BlazorDependencyInjection", "BlazorDependencyInjection.csproj", "{EE141916-E58F-483C-92BD-40670A16AE9D}"
EndProject
Global
	GlobalSection(SolutionConfigurationPlatforms) = preSolution
		Debug|Any CPU = Debug|Any CPU
		Release|Any CPU = Release|Any CPU
	EndGlobalSection
	GlobalSection(ProjectConfigurationPlatforms) = postSolution
		{EE141916-E58F-483C-92BD-40670A16AE9D}.Debug|Any CPU.ActiveCfg = Debug|Any CPU
		{EE141916-E58F-483C-92BD-40670A16AE9D}.Debug|Any CPU.Build.0 = Debug|Any CPU
		{EE141916-E58F-483C-92BD-40670A16AE9D}.Release|Any CPU.ActiveCfg = Release|Any CPU
		{EE141916-E58F-483C-92BD-40670A16AE9D}.Release|Any CPU.Build.0 = Release|Any CPU
	EndGlobalSection
	GlobalSection(SolutionProperties) = preSolution
		HideSolutionNode = FALSE
	EndGlobalSection
	GlobalSection(ExtensibilityGlobals) = postSolution
		SolutionGuid = {004BB9D5-6705-47CB-8C28-2DDC037F2186}
	EndGlobalSection
EndGlobal
